
Microsoft Visual Studio Solution File, Format Version 12.00
Project("{FAE04EC0-301F-11D3-BF4B-00C04F79EFBC}") = "AvaloniaMLImageClassifier", "AvaloniaMLImageClassifier\AvaloniaMLImageClassifier.csproj", "{8D155B8A-5FC0-49DE-BB81-572607E3AFBF}"
EndProject
Global
	GlobalSection(SolutionConfigurationPlatforms) = preSolution
		Debug|Any CPU = Debug|Any CPU
		Release|Any CPU = Release|Any CPU
	EndGlobalSection
	GlobalSection(ProjectConfigurationPlatforms) = postSolution
		{8D155B8A-5FC0-49DE-BB81-572607E3AFBF}.Debug|Any CPU.ActiveCfg = Debug|Any CPU
		{8D155B8A-5FC0-49DE-BB81-572607E3AFBF}.Debug|Any CPU.Build.0 = Debug|Any CPU
		{8D155B8A-5FC0-49DE-BB81-572607E3AFBF}.Release|Any CPU.ActiveCfg = Release|Any CPU
		{8D155B8A-5FC0-49DE-BB81-572607E3AFBF}.Release|Any CPU.Build.0 = Release|Any CPU
	EndGlobalSection
EndGlobal
